
Microsoft Visual Studio Solution File, Format Version 12.00
# Visual Studio 15
VisualStudioVersion = 15.0.26124.0
MinimumVisualStudioVersion = 15.0.26124.0
Project("{FAE04EC0-301F-11D3-BF4B-00C04F79EFBC}") = "Benchmarks", "Benchmarks\Benchmarks.csproj", "{7AB5D6A1-0FBE-40E9-BD1D-44749E5452AB}"
EndProject
Project("{FAE04EC0-301F-11D3-BF4B-00C04F79EFBC}") = "CacheWriter", "CacheWriter\CacheWriter.csproj", "{B34ADE69-1E44-4373-92F5-28B76990052A}"
EndProject
Project("{FAE04EC0-301F-11D3-BF4B-00C04F79EFBC}") = "CacheReader", "CacheReader\CacheReader.csproj", "{A18D6D08-2A51-4FC3-B32D-4D1E1E30CD33}"
EndProject
Project("{FAE04EC0-301F-11D3-BF4B-00C04F79EFBC}") = "Colocation", "Colocation\Colocation.csproj", "{6AC43696-B53D-436F-856D-75AD5DEBFC80}"
EndProject
Project("{FAE04EC0-301F-11D3-BF4B-00C04F79EFBC}") = "TimelineUpdate", "TimelineUpdate\TimelineUpdate.csproj", "{406D75B6-F6B3-48A1-BD1B-F841346E531B}"
EndProject
Project("{FAE04EC0-301F-11D3-BF4B-00C04F79EFBC}") = "Compute", "Compute\Compute.csproj", "{D5925A4F-D708-4F57-B256-69CC713B7893}"
EndProject
Project("{2150E333-8FDC-42A3-9474-1A3956D46DE8}") = "1. Caching", "1. Caching", "{039E5E84-42B8-4686-96E3-E360E6EB4236}"
EndProject
Project("{2150E333-8FDC-42A3-9474-1A3956D46DE8}") = "2. Colocation", "2. Colocation", "{D39D40E3-D5F3-4FDD-B361-0042E28900F3}"
EndProject
Project("{2150E333-8FDC-42A3-9474-1A3956D46DE8}") = "0. Benchmarks", "0. Benchmarks", "{3BEA4E6E-BE94-4774-8C96-CCA2C3D98971}"
EndProject
Project("{2150E333-8FDC-42A3-9474-1A3956D46DE8}") = "3. Timeline", "3. Timeline", "{7FADE9A6-1085-430F-BAF6-6BD33198AA91}"
EndProject
Project("{2150E333-8FDC-42A3-9474-1A3956D46DE8}") = "4. Compute", "4. Compute", "{75D4946A-4A4B-4BB4-AE0D-6D727FF0B8DF}"
EndProject
Global
	GlobalSection(SolutionConfigurationPlatforms) = preSolution
		Debug|Any CPU = Debug|Any CPU
		Debug|x64 = Debug|x64
		Debug|x86 = Debug|x86
		Release|Any CPU = Release|Any CPU
		Release|x64 = Release|x64
		Release|x86 = Release|x86
	EndGlobalSection
	GlobalSection(SolutionProperties) = preSolution
		HideSolutionNode = FALSE
	EndGlobalSection
	GlobalSection(ProjectConfigurationPlatforms) = postSolution
		{7AB5D6A1-0FBE-40E9-BD1D-44749E5452AB}.Debug|Any CPU.ActiveCfg = Debug|Any CPU
		{7AB5D6A1-0FBE-40E9-BD1D-44749E5452AB}.Debug|Any CPU.Build.0 = Debug|Any CPU
		{7AB5D6A1-0FBE-40E9-BD1D-44749E5452AB}.Debug|x64.ActiveCfg = Debug|Any CPU
		{7AB5D6A1-0FBE-40E9-BD1D-44749E5452AB}.Debug|x64.Build.0 = Debug|Any CPU
		{7AB5D6A1-0FBE-40E9-BD1D-44749E5452AB}.Debug|x86.ActiveCfg = Debug|Any CPU
		{7AB5D6A1-0FBE-40E9-BD1D-44749E5452AB}.Debug|x86.Build.0 = Debug|Any CPU
		{7AB5D6A1-0FBE-40E9-BD1D-44749E5452AB}.Release|Any CPU.ActiveCfg = Release|Any CPU
		{7AB5D6A1-0FBE-40E9-BD1D-44749E5452AB}.Release|Any CPU.Build.0 = Release|Any CPU
		{7AB5D6A1-0FBE-40E9-BD1D-44749E5452AB}.Release|x64.ActiveCfg = Release|Any CPU
		{7AB5D6A1-0FBE-40E9-BD1D-44749E5452AB}.Release|x64.Build.0 = Release|Any CPU
		{7AB5D6A1-0FBE-40E9-BD1D-44749E5452AB}.Release|x86.ActiveCfg = Release|Any CPU
		{7AB5D6A1-0FBE-40E9-BD1D-44749E5452AB}.Release|x86.Build.0 = Release|Any CPU
		{B34ADE69-1E44-4373-92F5-28B76990052A}.Debug|Any CPU.ActiveCfg = Debug|Any CPU
		{B34ADE69-1E44-4373-92F5-28B76990052A}.Debug|Any CPU.Build.0 = Debug|Any CPU
		{B34ADE69-1E44-4373-92F5-28B76990052A}.Debug|x64.ActiveCfg = Debug|Any CPU
		{B34ADE69-1E44-4373-92F5-28B76990052A}.Debug|x64.Build.0 = Debug|Any CPU
		{B34ADE69-1E44-4373-92F5-28B76990052A}.Debug|x86.ActiveCfg = Debug|Any CPU
		{B34ADE69-1E44-4373-92F5-28B76990052A}.Debug|x86.Build.0 = Debug|Any CPU
		{B34ADE69-1E44-4373-92F5-28B76990052A}.Release|Any CPU.ActiveCfg = Release|Any CPU
		{B34ADE69-1E44-4373-92F5-28B76990052A}.Release|Any CPU.Build.0 = Release|Any CPU
		{B34ADE69-1E44-4373-92F5-28B76990052A}.Release|x64.ActiveCfg = Release|Any CPU
		{B34ADE69-1E44-4373-92F5-28B76990052A}.Release|x64.Build.0 = Release|Any CPU
		{B34ADE69-1E44-4373-92F5-28B76990052A}.Release|x86.ActiveCfg = Release|Any CPU
		{B34ADE69-1E44-4373-92F5-28B76990052A}.Release|x86.Build.0 = Release|Any CPU
		{A18D6D08-2A51-4FC3-B32D-4D1E1E30CD33}.Debug|Any CPU.ActiveCfg = Debug|Any CPU
		{A18D6D08-2A51-4FC3-B32D-4D1E1E30CD33}.Debug|Any CPU.Build.0 = Debug|Any CPU
		{A18D6D08-2A51-4FC3-B32D-4D1E1E30CD33}.Debug|x64.ActiveCfg = Debug|Any CPU
		{A18D6D08-2A51-4FC3-B32D-4D1E1E30CD33}.Debug|x64.Build.0 = Debug|Any CPU
		{A18D6D08-2A51-4FC3-B32D-4D1E1E30CD33}.Debug|x86.ActiveCfg = Debug|Any CPU
		{A18D6D08-2A51-4FC3-B32D-4D1E1E30CD33}.Debug|x86.Build.0 = Debug|Any CPU
		{A18D6D08-2A51-4FC3-B32D-4D1E1E30CD33}.Release|Any CPU.ActiveCfg = Release|Any CPU
		{A18D6D08-2A51-4FC3-B32D-4D1E1E30CD33}.Release|Any CPU.Build.0 = Release|Any CPU
		{A18D6D08-2A51-4FC3-B32D-4D1E1E30CD33}.Release|x64.ActiveCfg = Release|Any CPU
		{A18D6D08-2A51-4FC3-B32D-4D1E1E30CD33}.Release|x64.Build.0 = Release|Any CPU
		{A18D6D08-2A51-4FC3-B32D-4D1E1E30CD33}.Release|x86.ActiveCfg = Release|Any CPU
		{A18D6D08-2A51-4FC3-B32D-4D1E1E30CD33}.Release|x86.Build.0 = Release|Any CPU
		{6AC43696-B53D-436F-856D-75AD5DEBFC80}.Debug|Any CPU.ActiveCfg = Debug|Any CPU
		{6AC43696-B53D-436F-856D-75AD5DEBFC80}.Debug|Any CPU.Build.0 = Debug|Any CPU
		{6AC43696-B53D-436F-856D-75AD5DEBFC80}.Debug|x64.ActiveCfg = Debug|Any CPU
		{6AC43696-B53D-436F-856D-75AD5DEBFC80}.Debug|x64.Build.0 = Debug|Any CPU
		{6AC43696-B53D-436F-856D-75AD5DEBFC80}.Debug|x86.ActiveCfg = Debug|Any CPU
		{6AC43696-B53D-436F-856D-75AD5DEBFC80}.Debug|x86.Build.0 = Debug|Any CPU
		{6AC43696-B53D-436F-856D-75AD5DEBFC80}.Release|Any CPU.ActiveCfg = Release|Any CPU
		{6AC43696-B53D-436F-856D-75AD5DEBFC80}.Release|Any CPU.Build.0 = Release|Any CPU
		{6AC43696-B53D-436F-856D-75AD5DEBFC80}.Release|x64.ActiveCfg = Release|Any CPU
		{6AC43696-B53D-436F-856D-75AD5DEBFC80}.Release|x64.Build.0 = Release|Any CPU
		{6AC43696-B53D-436F-856D-75AD5DEBFC80}.Release|x86.ActiveCfg = Release|Any CPU
		{6AC43696-B53D-436F-856D-75AD5DEBFC80}.Release|x86.Build.0 = Release|Any CPU
		{406D75B6-F6B3-48A1-BD1B-F841346E531B}.Debug|Any CPU.ActiveCfg = Debug|Any CPU
		{406D75B6-F6B3-48A1-BD1B-F841346E531B}.Debug|Any CPU.Build.0 = Debug|Any CPU
		{406D75B6-F6B3-48A1-BD1B-F841346E531B}.Debug|x64.ActiveCfg = Debug|Any CPU
		{406D75B6-F6B3-48A1-BD1B-F841346E531B}.Debug|x64.Build.0 = Debug|Any CPU
		{406D75B6-F6B3-48A1-BD1B-F841346E531B}.Debug|x86.ActiveCfg = Debug|Any CPU
		{406D75B6-F6B3-48A1-BD1B-F841346E531B}.Debug|x86.Build.0 = Debug|Any CPU
		{406D75B6-F6B3-48A1-BD1B-F841346E531B}.Release|Any CPU.ActiveCfg = Release|Any CPU
		{406D75B6-F6B3-48A1-BD1B-F841346E531B}.Release|Any CPU.Build.0 = Release|Any CPU
		{406D75B6-F6B3-48A1-BD1B-F841346E531B}.Release|x64.ActiveCfg = Release|Any CPU
		{406D75B6-F6B3-48A1-BD1B-F841346E531B}.Release|x64.Build.0 = Release|Any CPU
		{406D75B6-F6B3-48A1-BD1B-F841346E531B}.Release|x86.ActiveCfg = Release|Any CPU
		{406D75B6-F6B3-48A1-BD1B-F841346E531B}.Release|x86.Build.0 = Release|Any CPU
		{D5925A4F-D708-4F57-B256-69CC713B7893}.Debug|Any CPU.ActiveCfg = Debug|Any CPU
		{D5925A4F-D708-4F57-B256-69CC713B7893}.Debug|Any CPU.Build.0 = Debug|Any CPU
		{D5925A4F-D708-4F57-B256-69CC713B7893}.Debug|x64.ActiveCfg = Debug|Any CPU
		{D5925A4F-D708-4F57-B256-69CC713B7893}.Debug|x64.Build.0 = Debug|Any CPU
		{D5925A4F-D708-4F57-B256-69CC713B7893}.Debug|x86.ActiveCfg = Debug|Any CPU
		{D5925A4F-D708-4F57-B256-69CC713B7893}.Debug|x86.Build.0 = Debug|Any CPU
		{D5925A4F-D708-4F57-B256-69CC713B7893}.Release|Any CPU.ActiveCfg = Release|Any CPU
		{D5925A4F-D708-4F57-B256-69CC713B7893}.Release|Any CPU.Build.0 = Release|Any CPU
		{D5925A4F-D708-4F57-B256-69CC713B7893}.Release|x64.ActiveCfg = Release|Any CPU
		{D5925A4F-D708-4F57-B256-69CC713B7893}.Release|x64.Build.0 = Release|Any CPU
		{D5925A4F-D708-4F57-B256-69CC713B7893}.Release|x86.ActiveCfg = Release|Any CPU
		{D5925A4F-D708-4F57-B256-69CC713B7893}.Release|x86.Build.0 = Release|Any CPU
	EndGlobalSection
	GlobalSection(NestedProjects) = preSolution
		{A18D6D08-2A51-4FC3-B32D-4D1E1E30CD33} = {039E5E84-42B8-4686-96E3-E360E6EB4236}
		{B34ADE69-1E44-4373-92F5-28B76990052A} = {039E5E84-42B8-4686-96E3-E360E6EB4236}
		{6AC43696-B53D-436F-856D-75AD5DEBFC80} = {D39D40E3-D5F3-4FDD-B361-0042E28900F3}
		{7AB5D6A1-0FBE-40E9-BD1D-44749E5452AB} = {3BEA4E6E-BE94-4774-8C96-CCA2C3D98971}
		{406D75B6-F6B3-48A1-BD1B-F841346E531B} = {7FADE9A6-1085-430F-BAF6-6BD33198AA91}
		{D5925A4F-D708-4F57-B256-69CC713B7893} = {75D4946A-4A4B-4BB4-AE0D-6D727FF0B8DF}
	EndGlobalSection
EndGlobal
